
Microsoft Visual Studio Solution File, Format Version 12.00
# Visual Studio 15
VisualStudioVersion = 15.0.28010.2046
MinimumVisualStudioVersion = 10.0.40219.1
Project("{2150E333-8FDC-42A3-9474-1A3956D46DE8}") = "UI", "UI", "{BE75C746-62F0-4559-8BB9-3B76D8778068}"
EndProject
Project("{2150E333-8FDC-42A3-9474-1A3956D46DE8}") = "Infrastructure", "Infrastructure", "{1BF5CBD6-5BCE-4816-A860-736247E09EF5}"
EndProject
Project("{2150E333-8FDC-42A3-9474-1A3956D46DE8}") = "SharedKernal", "SharedKernal", "{4BA2E6BC-EC67-4C54-9818-3232BC6A96ED}"
EndProject
Project("{9A19103F-16F7-4668-BE54-9A1E7A4F7556}") = "ChefBox.Model", "ChefBox.Model\ChefBox.Model.csproj", "{0D939B6D-EE3F-4608-8D5C-46EC0A5FC84E}"
EndProject
Project("{9A19103F-16F7-4668-BE54-9A1E7A4F7556}") = "ChefBox.SqlServer", "ChefBox.SqlServer\ChefBox.SqlServer.csproj", "{02DEFF12-413C-4A8F-B217-817FD28866BE}"
EndProject
Project("{2150E333-8FDC-42A3-9474-1A3956D46DE8}") = "BoundedContext", "BoundedContext", "{7E9DD62E-FA84-40CB-9E75-3EA9076C0C46}"
EndProject
Project("{2150E333-8FDC-42A3-9474-1A3956D46DE8}") = "Cooking", "Cooking", "{DA8FBA16-4AB8-4463-BC20-5F0944F55BFA}"
EndProject
Project("{9A19103F-16F7-4668-BE54-9A1E7A4F7556}") = "ChefBox.Cooking.Data", "ChefBox.Cooking.Data\ChefBox.Cooking.Data.csproj", "{474980E3-A957-43D7-B862-6E52E3508FAF}"
EndProject
Project("{9A19103F-16F7-4668-BE54-9A1E7A4F7556}") = "ChefBox.Cooking.IData", "ChefBox.Cooking.IData\ChefBox.Cooking.IData.csproj", "{6341B4D4-B207-4BF0-8BE2-BCFEF135E1E1}"
EndProject
Project("{9A19103F-16F7-4668-BE54-9A1E7A4F7556}") = "ChefBox.Cooking.Dto", "ChefBox.Cooking.Dto\ChefBox.Cooking.Dto.csproj", "{08D280C3-8E2A-4115-8ACA-78ECEC458A39}"
EndProject
Project("{9A19103F-16F7-4668-BE54-9A1E7A4F7556}") = "ChefBox.AdminUI", "ChefBox.AdminUI\ChefBox.AdminUI.csproj", "{6C3A8267-CC53-4D71-80A3-2613998ECE57}"
EndProject
Project("{9A19103F-16F7-4668-BE54-9A1E7A4F7556}") = "ChefBox.Enum", "ChefBox.Enum\ChefBox.Enum.csproj", "{F15A43D1-383A-4A01-A741-1C97CFF2AEFC}"
EndProject
Project("{2150E333-8FDC-42A3-9474-1A3956D46DE8}") = "Services", "Services", "{F1E2CD98-136D-48AA-81EF-83F94945294F}"
EndProject
Project("{9A19103F-16F7-4668-BE54-9A1E7A4F7556}") = "ChefBox.ServiceExample", "ChefBox.ServiceExample\ChefBox.ServiceExample.csproj", "{AD82D1D2-FFD2-4DC3-A50F-134F0760639F}"
EndProject
Global
	GlobalSection(SolutionConfigurationPlatforms) = preSolution
		Debug|Any CPU = Debug|Any CPU
		Release|Any CPU = Release|Any CPU
	EndGlobalSection
	GlobalSection(ProjectConfigurationPlatforms) = postSolution
		{0D939B6D-EE3F-4608-8D5C-46EC0A5FC84E}.Debug|Any CPU.ActiveCfg = Debug|Any CPU
		{0D939B6D-EE3F-4608-8D5C-46EC0A5FC84E}.Debug|Any CPU.Build.0 = Debug|Any CPU
		{0D939B6D-EE3F-4608-8D5C-46EC0A5FC84E}.Release|Any CPU.ActiveCfg = Release|Any CPU
		{0D939B6D-EE3F-4608-8D5C-46EC0A5FC84E}.Release|Any CPU.Build.0 = Release|Any CPU
		{02DEFF12-413C-4A8F-B217-817FD28866BE}.Debug|Any CPU.ActiveCfg = Debug|Any CPU
		{02DEFF12-413C-4A8F-B217-817FD28866BE}.Debug|Any CPU.Build.0 = Debug|Any CPU
		{02DEFF12-413C-4A8F-B217-817FD28866BE}.Release|Any CPU.ActiveCfg = Release|Any CPU
		{02DEFF12-413C-4A8F-B217-817FD28866BE}.Release|Any CPU.Build.0 = Release|Any CPU
		{474980E3-A957-43D7-B862-6E52E3508FAF}.Debug|Any CPU.ActiveCfg = Debug|Any CPU
		{474980E3-A957-43D7-B862-6E52E3508FAF}.Debug|Any CPU.Build.0 = Debug|Any CPU
		{474980E3-A957-43D7-B862-6E52E3508FAF}.Release|Any CPU.ActiveCfg = Release|Any CPU
		{474980E3-A957-43D7-B862-6E52E3508FAF}.Release|Any CPU.Build.0 = Release|Any CPU
		{6341B4D4-B207-4BF0-8BE2-BCFEF135E1E1}.Debug|Any CPU.ActiveCfg = Debug|Any CPU
		{6341B4D4-B207-4BF0-8BE2-BCFEF135E1E1}.Debug|Any CPU.Build.0 = Debug|Any CPU
		{6341B4D4-B207-4BF0-8BE2-BCFEF135E1E1}.Release|Any CPU.ActiveCfg = Release|Any CPU
		{6341B4D4-B207-4BF0-8BE2-BCFEF135E1E1}.Release|Any CPU.Build.0 = Release|Any CPU
		{08D280C3-8E2A-4115-8ACA-78ECEC458A39}.Debug|Any CPU.ActiveCfg = Debug|Any CPU
		{08D280C3-8E2A-4115-8ACA-78ECEC458A39}.Debug|Any CPU.Build.0 = Debug|Any CPU
		{08D280C3-8E2A-4115-8ACA-78ECEC458A39}.Release|Any CPU.ActiveCfg = Release|Any CPU
		{08D280C3-8E2A-4115-8ACA-78ECEC458A39}.Release|Any CPU.Build.0 = Release|Any CPU
		{6C3A8267-CC53-4D71-80A3-2613998ECE57}.Debug|Any CPU.ActiveCfg = Debug|Any CPU
		{6C3A8267-CC53-4D71-80A3-2613998ECE57}.Debug|Any CPU.Build.0 = Debug|Any CPU
		{6C3A8267-CC53-4D71-80A3-2613998ECE57}.Release|Any CPU.ActiveCfg = Release|Any CPU
		{6C3A8267-CC53-4D71-80A3-2613998ECE57}.Release|Any CPU.Build.0 = Release|Any CPU
		{F15A43D1-383A-4A01-A741-1C97CFF2AEFC}.Debug|Any CPU.ActiveCfg = Debug|Any CPU
		{F15A43D1-383A-4A01-A741-1C97CFF2AEFC}.Debug|Any CPU.Build.0 = Debug|Any CPU
		{F15A43D1-383A-4A01-A741-1C97CFF2AEFC}.Release|Any CPU.ActiveCfg = Release|Any CPU
		{F15A43D1-383A-4A01-A741-1C97CFF2AEFC}.Release|Any CPU.Build.0 = Release|Any CPU
		{AD82D1D2-FFD2-4DC3-A50F-134F0760639F}.Debug|Any CPU.ActiveCfg = Debug|Any CPU
		{AD82D1D2-FFD2-4DC3-A50F-134F0760639F}.Debug|Any CPU.Build.0 = Debug|Any CPU
		{AD82D1D2-FFD2-4DC3-A50F-134F0760639F}.Release|Any CPU.ActiveCfg = Release|Any CPU
		{AD82D1D2-FFD2-4DC3-A50F-134F0760639F}.Release|Any CPU.Build.0 = Release|Any CPU
	EndGlobalSection
	GlobalSection(SolutionProperties) = preSolution
		HideSolutionNode = FALSE
	EndGlobalSection
	GlobalSection(NestedProjects) = preSolution
		{0D939B6D-EE3F-4608-8D5C-46EC0A5FC84E} = {1BF5CBD6-5BCE-4816-A860-736247E09EF5}
		{02DEFF12-413C-4A8F-B217-817FD28866BE} = {1BF5CBD6-5BCE-4816-A860-736247E09EF5}
		{DA8FBA16-4AB8-4463-BC20-5F0944F55BFA} = {7E9DD62E-FA84-40CB-9E75-3EA9076C0C46}
		{474980E3-A957-43D7-B862-6E52E3508FAF} = {DA8FBA16-4AB8-4463-BC20-5F0944F55BFA}
		{6341B4D4-B207-4BF0-8BE2-BCFEF135E1E1} = {DA8FBA16-4AB8-4463-BC20-5F0944F55BFA}
		{08D280C3-8E2A-4115-8ACA-78ECEC458A39} = {DA8FBA16-4AB8-4463-BC20-5F0944F55BFA}
		{6C3A8267-CC53-4D71-80A3-2613998ECE57} = {BE75C746-62F0-4559-8BB9-3B76D8778068}
		{F15A43D1-383A-4A01-A741-1C97CFF2AEFC} = {4BA2E6BC-EC67-4C54-9818-3232BC6A96ED}
		{AD82D1D2-FFD2-4DC3-A50F-134F0760639F} = {F1E2CD98-136D-48AA-81EF-83F94945294F}
	EndGlobalSection
	GlobalSection(ExtensibilityGlobals) = postSolution
		SolutionGuid = {D9761D13-E4D4-4211-9AEC-20731488950E}
	EndGlobalSection
EndGlobal
